
Microsoft Visual Studio Solution File, Format Version 12.00
# Visual Studio Version 17
VisualStudioVersion = 17.11.35312.102
MinimumVisualStudioVersion = 10.0.40219.1
Project("{FAE04EC0-301F-11D3-BF4B-00C04F79EFBC}") = "RitchiesFastFood_FinalProj", "RitchiesFastFood_FinalProj\RitchiesFastFood_FinalProj.csproj", "{79F1CAA9-7179-4155-8F7F-2FD8F879EFA5}"
EndProject
Global
	GlobalSection(SolutionConfigurationPlatforms) = preSolution
		Debug|Any CPU = Debug|Any CPU
		Release|Any CPU = Release|Any CPU
	EndGlobalSection
	GlobalSection(ProjectConfigurationPlatforms) = postSolution
		{79F1CAA9-7179-4155-8F7F-2FD8F879EFA5}.Debug|Any CPU.ActiveCfg = Debug|Any CPU
		{79F1CAA9-7179-4155-8F7F-2FD8F879EFA5}.Debug|Any CPU.Build.0 = Debug|Any CPU
		{79F1CAA9-7179-4155-8F7F-2FD8F879EFA5}.Release|Any CPU.ActiveCfg = Release|Any CPU
		{79F1CAA9-7179-4155-8F7F-2FD8F879EFA5}.Release|Any CPU.Build.0 = Release|Any CPU
	EndGlobalSection
	GlobalSection(SolutionProperties) = preSolution
		HideSolutionNode = FALSE
	EndGlobalSection
	GlobalSection(ExtensibilityGlobals) = postSolution
		SolutionGuid = {E3EC8EC8-56D4-46E4-A04B-4C6D0717A1A3}
	EndGlobalSection
EndGlobal
